// !$*UTF8*$!
{
	archiveVersion = 1;
	classes = {
	};
	objectVersion = 50;
	objects = {

/* Begin PBXBuildFile section */
		5B0C1B5526C38B550068C564 /* ResultView.swift in Sources */ = {isa = PBXBuildFile; fileRef = 5B0C1B5426C38B550068C564 /* ResultView.swift */; };
		5B44A58826C3297900D6EC5B /* SelectorView.swift in Sources */ = {isa = PBXBuildFile; fileRef = 5B44A58726C3297900D6EC5B /* SelectorView.swift */; };
		5B499FAA26C3032E00CF63D3 /* TextFieldView.swift in Sources */ = {isa = PBXBuildFile; fileRef = 5B499FA926C3032E00CF63D3 /* TextFieldView.swift */; };
		5B499FAE26C30C2700CF63D3 /* MainView.swift in Sources */ = {isa = PBXBuildFile; fileRef = 5B499FAD26C30C2700CF63D3 /* MainView.swift */; };
		5B91036D26C269FE001647BF /* HeartDiseaseAppApp.swift in Sources */ = {isa = PBXBuildFile; fileRef = 5B91036C26C269FE001647BF /* HeartDiseaseAppApp.swift */; };
		5B91037126C269FF001647BF /* Assets.xcassets in Resources */ = {isa = PBXBuildFile; fileRef = 5B91037026C269FF001647BF /* Assets.xcassets */; };
		5B91037426C269FF001647BF /* Preview Assets.xcassets in Resources */ = {isa = PBXBuildFile; fileRef = 5B91037326C269FF001647BF /* Preview Assets.xcassets */; };
		5B91037D26C26C09001647BF /* heart.mlmodel in Sources */ = {isa = PBXBuildFile; fileRef = 5B91037C26C26C09001647BF /* heart.mlmodel */; };
		5B91038026C276D6001647BF /* MessageWarning.swift in Sources */ = {isa = PBXBuildFile; fileRef = 5B91037F26C276D6001647BF /* MessageWarning.swift */; };
		5B99D63526FD396C00913783 /* HeartService.swift in Sources */ = {isa = PBXBuildFile; fileRef = 5B99D63426FD396C00913783 /* HeartService.swift */; };
/* End PBXBuildFile section */

/* Begin PBXFileReference section */
		5B0C1B5426C38B550068C564 /* ResultView.swift */ = {isa = PBXFileReference; lastKnownFileType = sourcecode.swift; path = ResultView.swift; sourceTree = "<group>"; };
		5B44A58726C3297900D6EC5B /* SelectorView.swift */ = {isa = PBXFileReference; lastKnownFileType = sourcecode.swift; path = SelectorView.swift; sourceTree = "<group>"; };
		5B499FA926C3032E00CF63D3 /* TextFieldView.swift */ = {isa = PBXFileReference; lastKnownFileType = sourcecode.swift; path = TextFieldView.swift; sourceTree = "<group>"; };
		5B499FAD26C30C2700CF63D3 /* MainView.swift */ = {isa = PBXFileReference; lastKnownFileType = sourcecode.swift; path = MainView.swift; sourceTree = "<group>"; };
		5B91036926C269FE001647BF /* HeartDiseaseApp.app */ = {isa = PBXFileReference; explicitFileType = wrapper.application; includeInIndex = 0; path = HeartDiseaseApp.app; sourceTree = BUILT_PRODUCTS_DIR; };
		5B91036C26C269FE001647BF /* HeartDiseaseAppApp.swift */ = {isa = PBXFileReference; lastKnownFileType = sourcecode.swift; path = HeartDiseaseAppApp.swift; sourceTree = "<group>"; };
		5B91037026C269FF001647BF /* Assets.xcassets */ = {isa = PBXFileReference; lastKnownFileType = folder.assetcatalog; path = Assets.xcassets; sourceTree = "<group>"; };
		5B91037326C269FF001647BF /* Preview Assets.xcassets */ = {isa = PBXFileReference; lastKnownFileType = folder.assetcatalog; path = "Preview Assets.xcassets"; sourceTree = "<group>"; };
		5B91037526C269FF001647BF /* Info.plist */ = {isa = PBXFileReference; lastKnownFileType = text.plist.xml; path = Info.plist; sourceTree = "<group>"; };
		5B91037C26C26C09001647BF /* heart.mlmodel */ = {isa = PBXFileReference; lastKnownFileType = file.mlmodel; path = heart.mlmodel; sourceTree = "<group>"; };
		5B91037F26C276D6001647BF /* MessageWarning.swift */ = {isa = PBXFileReference; lastKnownFileType = sourcecode.swift; path = MessageWarning.swift; sourceTree = "<group>"; };
		5B99D63426FD396C00913783 /* HeartService.swift */ = {isa = PBXFileReference; lastKnownFileType = sourcecode.swift; path = HeartService.swift; sourceTree = "<group>"; };
/* End PBXFileReference section */

/* Begin PBXFrameworksBuildPhase section */
		5B91036626C269FE001647BF /* Frameworks */ = {
			isa = PBXFrameworksBuildPhase;
			buildActionMask = 2147483647;
			files = (
			);
			runOnlyForDeploymentPostprocessing = 0;
		};
/* End PBXFrameworksBuildPhase section */

/* Begin PBXGroup section */
		5B91036026C269FE001647BF = {
			isa = PBXGroup;
			children = (
				5B91036B26C269FE001647BF /* HeartDiseaseApp */,
				5B91036A26C269FE001647BF /* Products */,
			);
			sourceTree = "<group>";
		};
		5B91036A26C269FE001647BF /* Products */ = {
			isa = PBXGroup;
			children = (
				5B91036926C269FE001647BF /* HeartDiseaseApp.app */,
			);
			name = Products;
			sourceTree = "<group>";
		};
		5B91036B26C269FE001647BF /* HeartDiseaseApp */ = {
			isa = PBXGroup;
			children = (
				5B99D63326FD395600913783 /* ViewModel */,
				5B91037E26C276B0001647BF /* Utils */,
				5B91037B26C26B99001647BF /* Views */,
				5B91036C26C269FE001647BF /* HeartDiseaseAppApp.swift */,
				5B91037C26C26C09001647BF /* heart.mlmodel */,
				5B91037026C269FF001647BF /* Assets.xcassets */,
				5B91037526C269FF001647BF /* Info.plist */,
				5B91037226C269FF001647BF /* Preview Content */,
			);
			path = HeartDiseaseApp;
			sourceTree = "<group>";
		};
		5B91037226C269FF001647BF /* Preview Content */ = {
			isa = PBXGroup;
			children = (
				5B91037326C269FF001647BF /* Preview Assets.xcassets */,
			);
			path = "Preview Content";
			sourceTree = "<group>";
		};
		5B91037B26C26B99001647BF /* Views */ = {
			isa = PBXGroup;
			children = (
				5B499FA926C3032E00CF63D3 /* TextFieldView.swift */,
				5B499FAD26C30C2700CF63D3 /* MainView.swift */,
				5B44A58726C3297900D6EC5B /* SelectorView.swift */,
				5B0C1B5426C38B550068C564 /* ResultView.swift */,
			);
			path = Views;
			sourceTree = "<group>";
		};
		5B91037E26C276B0001647BF /* Utils */ = {
			isa = PBXGroup;
			children = (
				5B91037F26C276D6001647BF /* MessageWarning.swift */,
			);
			path = Utils;
			sourceTree = "<group>";
		};
		5B99D63326FD395600913783 /* ViewModel */ = {
			isa = PBXGroup;
			children = (
				5B99D63426FD396C00913783 /* HeartService.swift */,
			);
			path = ViewModel;
			sourceTree = "<group>";
		};
/* End PBXGroup section */

/* Begin PBXNativeTarget section */
		5B91036826C269FE001647BF /* HeartDiseaseApp */ = {
			isa = PBXNativeTarget;
			buildConfigurationList = 5B91037826C269FF001647BF /* Build configuration list for PBXNativeTarget "HeartDiseaseApp" */;
			buildPhases = (
				5B91036526C269FE001647BF /* Sources */,
				5B91036626C269FE001647BF /* Frameworks */,
				5B91036726C269FE001647BF /* Resources */,
			);
			buildRules = (
			);
			dependencies = (
			);
			name = HeartDiseaseApp;
			productName = HeartDiseaseApp;
			productReference = 5B91036926C269FE001647BF /* HeartDiseaseApp.app */;
			productType = "com.apple.product-type.application";
		};
/* End PBXNativeTarget section */

/* Begin PBXProject section */
		5B91036126C269FE001647BF /* Project object */ = {
			isa = PBXProject;
			attributes = {
				LastSwiftUpdateCheck = 1250;
				LastUpgradeCheck = 1250;
				TargetAttributes = {
					5B91036826C269FE001647BF = {
						CreatedOnToolsVersion = 12.5.1;
					};
				};
			};
			buildConfigurationList = 5B91036426C269FE001647BF /* Build configuration list for PBXProject "HeartDiseaseApp" */;
			compatibilityVersion = "Xcode 9.3";
			developmentRegion = en;
			hasScannedForEncodings = 0;
			knownRegions = (
				en,
				Base,
			);
			mainGroup = 5B91036026C269FE001647BF;
			productRefGroup = 5B91036A26C269FE001647BF /* Products */;
			projectDirPath = "";
			projectRoot = "";
			targets = (
				5B91036826C269FE001647BF /* HeartDiseaseApp */,
			);
		};
/* End PBXProject section */

/* Begin PBXResourcesBuildPhase section */
		5B91036726C269FE001647BF /* Resources */ = {
			isa = PBXResourcesBuildPhase;
			buildActionMask = 2147483647;
			files = (
				5B91037426C269FF001647BF /* Preview Assets.xcassets in Resources */,
				5B91037126C269FF001647BF /* Assets.xcassets in Resources */,
			);
			runOnlyForDeploymentPostprocessing = 0;
		};
/* End PBXResourcesBuildPhase section */

/* Begin PBXSourcesBuildPhase section */
		5B91036526C269FE001647BF /* Sources */ = {
			isa = PBXSourcesBuildPhase;
			buildActionMask = 2147483647;
			files = (
				5B499FAE26C30C2700CF63D3 /* MainView.swift in Sources */,
				5B499FAA26C3032E00CF63D3 /* TextFieldView.swift in Sources */,
				5B99D63526FD396C00913783 /* HeartService.swift in Sources */,
				5B91037D26C26C09001647BF /* heart.mlmodel in Sources */,
				5B91038026C276D6001647BF /* MessageWarning.swift in Sources */,
				5B91036D26C269FE001647BF /* HeartDiseaseAppApp.swift in Sources */,
				5B0C1B5526C38B550068C564 /* ResultView.swift in Sources */,
				5B44A58826C3297900D6EC5B /* SelectorView.swift in Sources */,
			);
			runOnlyForDeploymentPostprocessing = 0;
		};
/* End PBXSourcesBuildPhase section */

/* Begin XCBuildConfiguration section */
		5B91037626C269FF001647BF /* Debug */ = {
			isa = XCBuildConfiguration;
			buildSettings = {
				ALWAYS_SEARCH_USER_PATHS = NO;
				CLANG_ANALYZER_NONNULL = YES;
				CLANG_ANALYZER_NUMBER_OBJECT_CONVERSION = YES_AGGRESSIVE;
				CLANG_CXX_LANGUAGE_STANDARD = "gnu++14";
				CLANG_CXX_LIBRARY = "libc++";
				CLANG_ENABLE_MODULES = YES;
				CLANG_ENABLE_OBJC_ARC = YES;
				CLANG_ENABLE_OBJC_WEAK = YES;
				CLANG_WARN_BLOCK_CAPTURE_AUTORELEASING = YES;
				CLANG_WARN_BOOL_CONVERSION = YES;
				CLANG_WARN_COMMA = YES;
				CLANG_WARN_CONSTANT_CONVERSION = YES;
				CLANG_WARN_DEPRECATED_OBJC_IMPLEMENTATIONS = YES;
				CLANG_WARN_DIRECT_OBJC_ISA_USAGE = YES_ERROR;
				CLANG_WARN_DOCUMENTATION_COMMENTS = YES;
				CLANG_WARN_EMPTY_BODY = YES;
				CLANG_WARN_ENUM_CONVERSION = YES;
				CLANG_WARN_INFINITE_RECURSION = YES;
				CLANG_WARN_INT_CONVERSION = YES;
				CLANG_WARN_NON_LITERAL_NULL_CONVERSION = YES;
				CLANG_WARN_OBJC_IMPLICIT_RETAIN_SELF = YES;
				CLANG_WARN_OBJC_LITERAL_CONVERSION = YES;
				CLANG_WARN_OBJC_ROOT_CLASS = YES_ERROR;
				CLANG_WARN_QUOTED_INCLUDE_IN_FRAMEWORK_HEADER = YES;
				CLANG_WARN_RANGE_LOOP_ANALYSIS = YES;
				CLANG_WARN_STRICT_PROTOTYPES = YES;
				CLANG_WARN_SUSPICIOUS_MOVE = YES;
				CLANG_WARN_UNGUARDED_AVAILABILITY = YES_AGGRESSIVE;
				CLANG_WARN_UNREACHABLE_CODE = YES;
				CLANG_WARN__DUPLICATE_METHOD_MATCH = YES;
				COPY_PHASE_STRIP = NO;
				DEBUG_INFORMATION_FORMAT = dwarf;
				ENABLE_STRICT_OBJC_MSGSEND = YES;
				ENABLE_TESTABILITY = YES;
				GCC_C_LANGUAGE_STANDARD = gnu11;
				GCC_DYNAMIC_NO_PIC = NO;
				GCC_NO_COMMON_BLOCKS = YES;
				GCC_OPTIMIZATION_LEVEL = 0;
				GCC_PREPROCESSOR_DEFINITIONS = (
					"DEBUG=1",
					"$(inherited)",
				);
				GCC_WARN_64_TO_32_BIT_CONVERSION = YES;
				GCC_WARN_ABOUT_RETURN_TYPE = YES_ERROR;
				GCC_WARN_UNDECLARED_SELECTOR = YES;
				GCC_WARN_UNINITIALIZED_AUTOS = YES_AGGRESSIVE;
				GCC_WARN_UNUSED_FUNCTION = YES;
				GCC_WARN_UNUSED_VARIABLE = YES;
				IPHONEOS_DEPLOYMENT_TARGET = 14.5;
				MTL_ENABLE_DEBUG_INFO = INCLUDE_SOURCE;
				MTL_FAST_MATH = YES;
				ONLY_ACTIVE_ARCH = YES;
				SDKROOT = iphoneos;
				SWIFT_ACTIVE_COMPILATION_CONDITIONS = DEBUG;
				SWIFT_OPTIMIZATION_LEVEL = "-Onone";
			};
			name = Debug;
		};
		5B91037726C269FF001647BF /* Release */ = {
			isa = XCBuildConfiguration;
			buildSettings = {
				ALWAYS_SEARCH_USER_PATHS = NO;
				CLANG_ANALYZER_NONNULL = YES;
				CLANG_ANALYZER_NUMBER_OBJECT_CONVERSION = YES_AGGRESSIVE;
				CLANG_CXX_LANGUAGE_STANDARD = "gnu++14";
				CLANG_CXX_LIBRARY = "libc++";
				CLANG_ENABLE_MODULES = YES;
				CLANG_ENABLE_OBJC_ARC = YES;
				CLANG_ENABLE_OBJC_WEAK = YES;
				CLANG_WARN_BLOCK_CAPTURE_AUTORELEASING = YES;
				CLANG_WARN_BOOL_CONVERSION = YES;
				CLANG_WARN_COMMA = YES;
				CLANG_WARN_CONSTANT_CONVERSION = YES;
				CLANG_WARN_DEPRECATED_OBJC_IMPLEMENTATIONS = YES;
				CLANG_WARN_DIRECT_OBJC_ISA_USAGE = YES_ERROR;
				CLANG_WARN_DOCUMENTATION_COMMENTS = YES;
				CLANG_WARN_EMPTY_BODY = YES;
				CLANG_WARN_ENUM_CONVERSION = YES;
				CLANG_WARN_INFINITE_RECURSION = YES;
				CLANG_WARN_INT_CONVERSION = YES;
				CLANG_WARN_NON_LITERAL_NULL_CONVERSION = YES;
				CLANG_WARN_OBJC_IMPLICIT_RETAIN_SELF = YES;
				CLANG_WARN_OBJC_LITERAL_CONVERSION = YES;
				CLANG_WARN_OBJC_ROOT_CLASS = YES_ERROR;
				CLANG_WARN_QUOTED_INCLUDE_IN_FRAMEWORK_HEADER = YES;
				CLANG_WARN_RANGE_LOOP_ANALYSIS = YES;
				CLANG_WARN_STRICT_PROTOTYPES = YES;
				CLANG_WARN_SUSPICIOUS_MOVE = YES;
				CLANG_WARN_UNGUARDED_AVAILABILITY = YES_AGGRESSIVE;
				CLANG_WARN_UNREACHABLE_CODE = YES;
				CLANG_WARN__DUPLICATE_METHOD_MATCH = YES;
				COPY_PHASE_STRIP = NO;
				DEBUG_INFORMATION_FORMAT = "dwarf-with-dsym";
				ENABLE_NS_ASSERTIONS = NO;
				ENABLE_STRICT_OBJC_MSGSEND = YES;
				GCC_C_LANGUAGE_STANDARD = gnu11;
				GCC_NO_COMMON_BLOCKS = YES;
				GCC_WARN_64_TO_32_BIT_CONVERSION = YES;
				GCC_WARN_ABOUT_RETURN_TYPE = YES_ERROR;
				GCC_WARN_UNDECLARED_SELECTOR = YES;
				GCC_WARN_UNINITIALIZED_AUTOS = YES_AGGRESSIVE;
				GCC_WARN_UNUSED_FUNCTION = YES;
				GCC_WARN_UNUSED_VARIABLE = YES;
				IPHONEOS_DEPLOYMENT_TARGET = 14.5;
				MTL_ENABLE_DEBUG_INFO = NO;
				MTL_FAST_MATH = YES;
				SDKROOT = iphoneos;
				SWIFT_COMPILATION_MODE = wholemodule;
				SWIFT_OPTIMIZATION_LEVEL = "-O";
				VALIDATE_PRODUCT = YES;
			};
			name = Release;
		};
		5B91037926C269FF001647BF /* Debug */ = {
			isa = XCBuildConfiguration;
			buildSettings = {
				ASSETCATALOG_COMPILER_APPICON_NAME = AppIcon;
				ASSETCATALOG_COMPILER_GLOBAL_ACCENT_COLOR_NAME = AccentColor;
				CODE_SIGN_STYLE = Automatic;
				DEVELOPMENT_ASSET_PATHS = "\"HeartDiseaseApp/Preview Content\"";
				ENABLE_PREVIEWS = YES;
				INFOPLIST_FILE = HeartDiseaseApp/Info.plist;
				IPHONEOS_DEPLOYMENT_TARGET = 14.0;
				LD_RUNPATH_SEARCH_PATHS = (
					"$(inherited)",
					"@executable_path/Frameworks",
				);
				PRODUCT_BUNDLE_IDENTIFIER = c.HeartDiseaseApp;
				PRODUCT_NAME = "$(TARGET_NAME)";
				SWIFT_VERSION = 5.0;
				TARGETED_DEVICE_FAMILY = "1,2";
			};
			name = Debug;
		};
		5B91037A26C269FF001647BF /* Release */ = {
			isa = XCBuildConfiguration;
			buildSettings = {
				ASSETCATALOG_COMPILER_APPICON_NAME = AppIcon;
				ASSETCATALOG_COMPILER_GLOBAL_ACCENT_COLOR_NAME = AccentColor;
				CODE_SIGN_STYLE = Automatic;
				DEVELOPMENT_ASSET_PATHS = "\"HeartDiseaseApp/Preview Content\"";
				ENABLE_PREVIEWS = YES;
				INFOPLIST_FILE = HeartDiseaseApp/Info.plist;
				IPHONEOS_DEPLOYMENT_TARGET = 14.0;
				LD_RUNPATH_SEARCH_PATHS = (
					"$(inherited)",
					"@executable_path/Frameworks",
				);
				PRODUCT_BUNDLE_IDENTIFIER = c.HeartDiseaseApp;
				PRODUCT_NAME = "$(TARGET_NAME)";
				SWIFT_VERSION = 5.0;
				TARGETED_DEVICE_FAMILY = "1,2";
			};
			name = Release;
		};
/* End XCBuildConfiguration section */

/* Begin XCConfigurationList section */
		5B91036426C269FE001647BF /* Build configuration list for PBXProject "HeartDiseaseApp" */ = {
			isa = XCConfigurationList;
			buildConfigurations = (
				5B91037626C269FF001647BF /* Debug */,
				5B91037726C269FF001647BF /* Release */,
			);
			defaultConfigurationIsVisible = 0;
			defaultConfigurationName = Release;
		};
		5B91037826C269FF001647BF /* Build configuration list for PBXNativeTarget "HeartDiseaseApp" */ = {
			isa = XCConfigurationList;
			buildConfigurations = (
				5B91037926C269FF001647BF /* Debug */,
				5B91037A26C269FF001647BF /* Release */,
			);
			defaultConfigurationIsVisible = 0;
			defaultConfigurationName = Release;
		};
/* End XCConfigurationList section */
	};
	rootObject = 5B91036126C269FE001647BF /* Project object */;
}
